// !$*UTF8*$!
{
	archiveVersion = 1;
	classes = {
	};
	objectVersion = 50;
	objects = {

/* Begin PBXBuildFile section */
		91D641B924631F2100B3E9AC /* AppDelegate.swift in Sources */ = {isa = PBXBuildFile; fileRef = 91D641B824631F2100B3E9AC /* AppDelegate.swift */; };
		91D641BB24631F2100B3E9AC /* SceneDelegate.swift in Sources */ = {isa = PBXBuildFile; fileRef = 91D641BA24631F2100B3E9AC /* SceneDelegate.swift */; };
		91D641C024631F2100B3E9AC /* Main.storyboard in Resources */ = {isa = PBXBuildFile; fileRef = 91D641BE24631F2100B3E9AC /* Main.storyboard */; };
		91D641C224631F2600B3E9AC /* Assets.xcassets in Resources */ = {isa = PBXBuildFile; fileRef = 91D641C124631F2600B3E9AC /* Assets.xcassets */; };
		91D641C524631F2600B3E9AC /* LaunchScreen.storyboard in Resources */ = {isa = PBXBuildFile; fileRef = 91D641C324631F2600B3E9AC /* LaunchScreen.storyboard */; };
		91D642012467DCE800B3E9AC /* LocationMapViewController.swift in Sources */ = {isa = PBXBuildFile; fileRef = 91D642002467DCE800B3E9AC /* LocationMapViewController.swift */; };
		91D64203246A0BA900B3E9AC /* DataController.swift in Sources */ = {isa = PBXBuildFile; fileRef = 91D64202246A0BA900B3E9AC /* DataController.swift */; };
		91D64205246A275400B3E9AC /* PinAlbumViewController.swift in Sources */ = {isa = PBXBuildFile; fileRef = 91D64204246A275400B3E9AC /* PinAlbumViewController.swift */; };
		91D64207246A29F300B3E9AC /* UserDefaultsClient.swift in Sources */ = {isa = PBXBuildFile; fileRef = 91D64206246A29F300B3E9AC /* UserDefaultsClient.swift */; };
		91D6420A246B02A800B3E9AC /* FlickrAPIClient.swift in Sources */ = {isa = PBXBuildFile; fileRef = 91D64209246B02A800B3E9AC /* FlickrAPIClient.swift */; };
		91D6420E246B0A5C00B3E9AC /* Constants.swift in Sources */ = {isa = PBXBuildFile; fileRef = 91D6420D246B0A5C00B3E9AC /* Constants.swift */; };
		91D64211246B502E00B3E9AC /* SearchPhotosResponse.swift in Sources */ = {isa = PBXBuildFile; fileRef = 91D64210246B502E00B3E9AC /* SearchPhotosResponse.swift */; };
		91D64213246B506B00B3E9AC /* PhotosResponse.swift in Sources */ = {isa = PBXBuildFile; fileRef = 91D64212246B506B00B3E9AC /* PhotosResponse.swift */; };
		91D64215246B524B00B3E9AC /* PhotoAlbumCollectionViewCell.swift in Sources */ = {isa = PBXBuildFile; fileRef = 91D64214246B524B00B3E9AC /* PhotoAlbumCollectionViewCell.swift */; };
		91D64218246BBCAB00B3E9AC /* Photo+Extensions.swift in Sources */ = {isa = PBXBuildFile; fileRef = 91D64217246BBCAB00B3E9AC /* Photo+Extensions.swift */; };
		91D6421B246C534700B3E9AC /* VirtualTourist.xcdatamodeld in Sources */ = {isa = PBXBuildFile; fileRef = 91D64219246C534700B3E9AC /* VirtualTourist.xcdatamodeld */; };
		91D6421D246C6BA900B3E9AC /* ViewController+Extension.swift in Sources */ = {isa = PBXBuildFile; fileRef = 91D6421C246C6BA900B3E9AC /* ViewController+Extension.swift */; };
/* End PBXBuildFile section */

/* Begin PBXFileReference section */
		91D641B524631F2100B3E9AC /* VirtualTourist.app */ = {isa = PBXFileReference; explicitFileType = wrapper.application; includeInIndex = 0; path = VirtualTourist.app; sourceTree = BUILT_PRODUCTS_DIR; };
		91D641B824631F2100B3E9AC /* AppDelegate.swift */ = {isa = PBXFileReference; lastKnownFileType = sourcecode.swift; path = AppDelegate.swift; sourceTree = "<group>"; };
		91D641BA24631F2100B3E9AC /* SceneDelegate.swift */ = {isa = PBXFileReference; lastKnownFileType = sourcecode.swift; path = SceneDelegate.swift; sourceTree = "<group>"; };
		91D641BF24631F2100B3E9AC /* Base */ = {isa = PBXFileReference; lastKnownFileType = file.storyboard; name = Base; path = Base.lproj/Main.storyboard; sourceTree = "<group>"; };
		91D641C124631F2600B3E9AC /* Assets.xcassets */ = {isa = PBXFileReference; lastKnownFileType = folder.assetcatalog; path = Assets.xcassets; sourceTree = "<group>"; };
		91D641C424631F2600B3E9AC /* Base */ = {isa = PBXFileReference; lastKnownFileType = file.storyboard; name = Base; path = Base.lproj/LaunchScreen.storyboard; sourceTree = "<group>"; };
		91D641C624631F2600B3E9AC /* Info.plist */ = {isa = PBXFileReference; lastKnownFileType = text.plist.xml; path = Info.plist; sourceTree = "<group>"; };
		91D642002467DCE800B3E9AC /* LocationMapViewController.swift */ = {isa = PBXFileReference; lastKnownFileType = sourcecode.swift; path = LocationMapViewController.swift; sourceTree = "<group>"; };
		91D64202246A0BA900B3E9AC /* DataController.swift */ = {isa = PBXFileReference; lastKnownFileType = sourcecode.swift; path = DataController.swift; sourceTree = "<group>"; };
		91D64204246A275400B3E9AC /* PinAlbumViewController.swift */ = {isa = PBXFileReference; lastKnownFileType = sourcecode.swift; path = PinAlbumViewController.swift; sourceTree = "<group>"; };
		91D64206246A29F300B3E9AC /* UserDefaultsClient.swift */ = {isa = PBXFileReference; lastKnownFileType = sourcecode.swift; path = UserDefaultsClient.swift; sourceTree = "<group>"; };
		91D64209246B02A800B3E9AC /* FlickrAPIClient.swift */ = {isa = PBXFileReference; lastKnownFileType = sourcecode.swift; path = FlickrAPIClient.swift; sourceTree = "<group>"; };
		91D6420D246B0A5C00B3E9AC /* Constants.swift */ = {isa = PBXFileReference; lastKnownFileType = sourcecode.swift; path = Constants.swift; sourceTree = "<group>"; };
		91D64210246B502E00B3E9AC /* SearchPhotosResponse.swift */ = {isa = PBXFileReference; lastKnownFileType = sourcecode.swift; path = SearchPhotosResponse.swift; sourceTree = "<group>"; };
		91D64212246B506B00B3E9AC /* PhotosResponse.swift */ = {isa = PBXFileReference; lastKnownFileType = sourcecode.swift; path = PhotosResponse.swift; sourceTree = "<group>"; };
		91D64214246B524B00B3E9AC /* PhotoAlbumCollectionViewCell.swift */ = {isa = PBXFileReference; lastKnownFileType = sourcecode.swift; path = PhotoAlbumCollectionViewCell.swift; sourceTree = "<group>"; };
		91D64217246BBCAB00B3E9AC /* Photo+Extensions.swift */ = {isa = PBXFileReference; lastKnownFileType = sourcecode.swift; path = "Photo+Extensions.swift"; sourceTree = "<group>"; };
		91D6421A246C534700B3E9AC /* VirtualTourist.xcdatamodel */ = {isa = PBXFileReference; lastKnownFileType = wrapper.xcdatamodel; path = VirtualTourist.xcdatamodel; sourceTree = "<group>"; };
		91D6421C246C6BA900B3E9AC /* ViewController+Extension.swift */ = {isa = PBXFileReference; lastKnownFileType = sourcecode.swift; path = "ViewController+Extension.swift"; sourceTree = "<group>"; };
/* End PBXFileReference section */

/* Begin PBXFrameworksBuildPhase section */
		91D641B224631F2100B3E9AC /* Frameworks */ = {
			isa = PBXFrameworksBuildPhase;
			buildActionMask = 2147483647;
			files = (
			);
			runOnlyForDeploymentPostprocessing = 0;
		};
/* End PBXFrameworksBuildPhase section */

/* Begin PBXGroup section */
		91D641AC24631F2000B3E9AC = {
			isa = PBXGroup;
			children = (
				91D641B724631F2100B3E9AC /* VirtualTourist */,
				91D641B624631F2100B3E9AC /* Products */,
			);
			sourceTree = "<group>";
		};
		91D641B624631F2100B3E9AC /* Products */ = {
			isa = PBXGroup;
			children = (
				91D641B524631F2100B3E9AC /* VirtualTourist.app */,
			);
			name = Products;
			sourceTree = "<group>";
		};
		91D641B724631F2100B3E9AC /* VirtualTourist */ = {
			isa = PBXGroup;
			children = (
				91D641B824631F2100B3E9AC /* AppDelegate.swift */,
				91D641BA24631F2100B3E9AC /* SceneDelegate.swift */,
				91D641CE24631F7E00B3E9AC /* Model */,
				91D641CD24631F7B00B3E9AC /* View */,
				91D641CC24631F7400B3E9AC /* Controller */,
				91D641C124631F2600B3E9AC /* Assets.xcassets */,
				91D641C624631F2600B3E9AC /* Info.plist */,
				91D6420D246B0A5C00B3E9AC /* Constants.swift */,
			);
			path = VirtualTourist;
			sourceTree = "<group>";
		};
		91D641CC24631F7400B3E9AC /* Controller */ = {
			isa = PBXGroup;
			children = (
				91D642002467DCE800B3E9AC /* LocationMapViewController.swift */,
				91D64204246A275400B3E9AC /* PinAlbumViewController.swift */,
				91D6421C246C6BA900B3E9AC /* ViewController+Extension.swift */,
			);
			path = Controller;
			sourceTree = "<group>";
		};
		91D641CD24631F7B00B3E9AC /* View */ = {
			isa = PBXGroup;
			children = (
				91D641BE24631F2100B3E9AC /* Main.storyboard */,
				91D641C324631F2600B3E9AC /* LaunchScreen.storyboard */,
				91D64214246B524B00B3E9AC /* PhotoAlbumCollectionViewCell.swift */,
			);
			path = View;
			sourceTree = "<group>";
		};
		91D641CE24631F7E00B3E9AC /* Model */ = {
			isa = PBXGroup;
			children = (
				91D64216246BBC8700B3E9AC /* ManagedObjectExtensions */,
				91D64208246B028500B3E9AC /* FlickrAPI */,
				91D64202246A0BA900B3E9AC /* DataController.swift */,
				91D64206246A29F300B3E9AC /* UserDefaultsClient.swift */,
				91D64219246C534700B3E9AC /* VirtualTourist.xcdatamodeld */,
			);
			path = Model;
			sourceTree = "<group>";
		};
		91D64208246B028500B3E9AC /* FlickrAPI */ = {
			isa = PBXGroup;
			children = (
				91D6420F246B500F00B3E9AC /* FlickrResponses */,
				91D64209246B02A800B3E9AC /* FlickrAPIClient.swift */,
			);
			path = FlickrAPI;
			sourceTree = "<group>";
		};
		91D6420F246B500F00B3E9AC /* FlickrResponses */ = {
			isa = PBXGroup;
			children = (
				91D64210246B502E00B3E9AC /* SearchPhotosResponse.swift */,
				91D64212246B506B00B3E9AC /* PhotosResponse.swift */,
			);
			path = FlickrResponses;
			sourceTree = "<group>";
		};
		91D64216246BBC8700B3E9AC /* ManagedObjectExtensions */ = {
			isa = PBXGroup;
			children = (
				91D64217246BBCAB00B3E9AC /* Photo+Extensions.swift */,
			);
			path = ManagedObjectExtensions;
			sourceTree = "<group>";
		};
/* End PBXGroup section */

/* Begin PBXNativeTarget section */
		91D641B424631F2100B3E9AC /* VirtualTourist */ = {
			isa = PBXNativeTarget;
			buildConfigurationList = 91D641C924631F2600B3E9AC /* Build configuration list for PBXNativeTarget "VirtualTourist" */;
			buildPhases = (
				91D641B124631F2100B3E9AC /* Sources */,
				91D641B224631F2100B3E9AC /* Frameworks */,
				91D641B324631F2100B3E9AC /* Resources */,
			);
			buildRules = (
			);
			dependencies = (
			);
			name = VirtualTourist;
			productName = VirtualTourist;
			productReference = 91D641B524631F2100B3E9AC /* VirtualTourist.app */;
			productType = "com.apple.product-type.application";
		};
/* End PBXNativeTarget section */

/* Begin PBXProject section */
		91D641AD24631F2000B3E9AC /* Project object */ = {
			isa = PBXProject;
			attributes = {
				LastSwiftUpdateCheck = 1130;
				LastUpgradeCheck = 1130;
				ORGANIZATIONNAME = "Tianna Henry-Lewis";
				TargetAttributes = {
					91D641B424631F2100B3E9AC = {
						CreatedOnToolsVersion = 11.3;
					};
				};
			};
			buildConfigurationList = 91D641B024631F2000B3E9AC /* Build configuration list for PBXProject "VirtualTourist" */;
			compatibilityVersion = "Xcode 9.3";
			developmentRegion = en;
			hasScannedForEncodings = 0;
			knownRegions = (
				en,
				Base,
			);
			mainGroup = 91D641AC24631F2000B3E9AC;
			productRefGroup = 91D641B624631F2100B3E9AC /* Products */;
			projectDirPath = "";
			projectRoot = "";
			targets = (
				91D641B424631F2100B3E9AC /* VirtualTourist */,
			);
		};
/* End PBXProject section */

/* Begin PBXResourcesBuildPhase section */
		91D641B324631F2100B3E9AC /* Resources */ = {
			isa = PBXResourcesBuildPhase;
			buildActionMask = 2147483647;
			files = (
				91D641C524631F2600B3E9AC /* LaunchScreen.storyboard in Resources */,
				91D641C224631F2600B3E9AC /* Assets.xcassets in Resources */,
				91D641C024631F2100B3E9AC /* Main.storyboard in Resources */,
			);
			runOnlyForDeploymentPostprocessing = 0;
		};
/* End PBXResourcesBuildPhase section */

/* Begin PBXSourcesBuildPhase section */
		91D641B124631F2100B3E9AC /* Sources */ = {
			isa = PBXSourcesBuildPhase;
			buildActionMask = 2147483647;
			files = (
				91D64203246A0BA900B3E9AC /* DataController.swift in Sources */,
				91D6421B246C534700B3E9AC /* VirtualTourist.xcdatamodeld in Sources */,
				91D64207246A29F300B3E9AC /* UserDefaultsClient.swift in Sources */,
				91D642012467DCE800B3E9AC /* LocationMapViewController.swift in Sources */,
				91D64205246A275400B3E9AC /* PinAlbumViewController.swift in Sources */,
				91D64213246B506B00B3E9AC /* PhotosResponse.swift in Sources */,
				91D6420A246B02A800B3E9AC /* FlickrAPIClient.swift in Sources */,
				91D64211246B502E00B3E9AC /* SearchPhotosResponse.swift in Sources */,
				91D641B924631F2100B3E9AC /* AppDelegate.swift in Sources */,
				91D641BB24631F2100B3E9AC /* SceneDelegate.swift in Sources */,
				91D6421D246C6BA900B3E9AC /* ViewController+Extension.swift in Sources */,
				91D6420E246B0A5C00B3E9AC /* Constants.swift in Sources */,
				91D64218246BBCAB00B3E9AC /* Photo+Extensions.swift in Sources */,
				91D64215246B524B00B3E9AC /* PhotoAlbumCollectionViewCell.swift in Sources */,
			);
			runOnlyForDeploymentPostprocessing = 0;
		};
/* End PBXSourcesBuildPhase section */

/* Begin PBXVariantGroup section */
		91D641BE24631F2100B3E9AC /* Main.storyboard */ = {
			isa = PBXVariantGroup;
			children = (
				91D641BF24631F2100B3E9AC /* Base */,
			);
			name = Main.storyboard;
			sourceTree = "<group>";
		};
		91D641C324631F2600B3E9AC /* LaunchScreen.storyboard */ = {
			isa = PBXVariantGroup;
			children = (
				91D641C424631F2600B3E9AC /* Base */,
			);
			name = LaunchScreen.storyboard;
			sourceTree = "<group>";
		};
/* End PBXVariantGroup section */

/* Begin XCBuildConfiguration section */
		91D641C724631F2600B3E9AC /* Debug */ = {
			isa = XCBuildConfiguration;
			buildSettings = {
				ALWAYS_SEARCH_USER_PATHS = NO;
				CLANG_ANALYZER_NONNULL = YES;
				CLANG_ANALYZER_NUMBER_OBJECT_CONVERSION = YES_AGGRESSIVE;
				CLANG_CXX_LANGUAGE_STANDARD = "gnu++14";
				CLANG_CXX_LIBRARY = "libc++";
				CLANG_ENABLE_MODULES = YES;
				CLANG_ENABLE_OBJC_ARC = YES;
				CLANG_ENABLE_OBJC_WEAK = YES;
				CLANG_WARN_BLOCK_CAPTURE_AUTORELEASING = YES;
				CLANG_WARN_BOOL_CONVERSION = YES;
				CLANG_WARN_COMMA = YES;
				CLANG_WARN_CONSTANT_CONVERSION = YES;
				CLANG_WARN_DEPRECATED_OBJC_IMPLEMENTATIONS = YES;
				CLANG_WARN_DIRECT_OBJC_ISA_USAGE = YES_ERROR;
				CLANG_WARN_DOCUMENTATION_COMMENTS = YES;
				CLANG_WARN_EMPTY_BODY = YES;
				CLANG_WARN_ENUM_CONVERSION = YES;
				CLANG_WARN_INFINITE_RECURSION = YES;
				CLANG_WARN_INT_CONVERSION = YES;
				CLANG_WARN_NON_LITERAL_NULL_CONVERSION = YES;
				CLANG_WARN_OBJC_IMPLICIT_RETAIN_SELF = YES;
				CLANG_WARN_OBJC_LITERAL_CONVERSION = YES;
				CLANG_WARN_OBJC_ROOT_CLASS = YES_ERROR;
				CLANG_WARN_RANGE_LOOP_ANALYSIS = YES;
				CLANG_WARN_STRICT_PROTOTYPES = YES;
				CLANG_WARN_SUSPICIOUS_MOVE = YES;
				CLANG_WARN_UNGUARDED_AVAILABILITY = YES_AGGRESSIVE;
				CLANG_WARN_UNREACHABLE_CODE = YES;
				CLANG_WARN__DUPLICATE_METHOD_MATCH = YES;
				COPY_PHASE_STRIP = NO;
				DEBUG_INFORMATION_FORMAT = dwarf;
				ENABLE_STRICT_OBJC_MSGSEND = YES;
				ENABLE_TESTABILITY = YES;
				GCC_C_LANGUAGE_STANDARD = gnu11;
				GCC_DYNAMIC_NO_PIC = NO;
				GCC_NO_COMMON_BLOCKS = YES;
				GCC_OPTIMIZATION_LEVEL = 0;
				GCC_PREPROCESSOR_DEFINITIONS = (
					"DEBUG=1",
					"$(inherited)",
				);
				GCC_WARN_64_TO_32_BIT_CONVERSION = YES;
				GCC_WARN_ABOUT_RETURN_TYPE = YES_ERROR;
				GCC_WARN_UNDECLARED_SELECTOR = YES;
				GCC_WARN_UNINITIALIZED_AUTOS = YES_AGGRESSIVE;
				GCC_WARN_UNUSED_FUNCTION = YES;
				GCC_WARN_UNUSED_VARIABLE = YES;
				IPHONEOS_DEPLOYMENT_TARGET = 13.2;
				MTL_ENABLE_DEBUG_INFO = INCLUDE_SOURCE;
				MTL_FAST_MATH = YES;
				ONLY_ACTIVE_ARCH = YES;
				SDKROOT = iphoneos;
				SWIFT_ACTIVE_COMPILATION_CONDITIONS = DEBUG;
				SWIFT_OPTIMIZATION_LEVEL = "-Onone";
			};
			name = Debug;
		};
		91D641C824631F2600B3E9AC /* Release */ = {
			isa = XCBuildConfiguration;
			buildSettings = {
				ALWAYS_SEARCH_USER_PATHS = NO;
				CLANG_ANALYZER_NONNULL = YES;
				CLANG_ANALYZER_NUMBER_OBJECT_CONVERSION = YES_AGGRESSIVE;
				CLANG_CXX_LANGUAGE_STANDARD = "gnu++14";
				CLANG_CXX_LIBRARY = "libc++";
				CLANG_ENABLE_MODULES = YES;
				CLANG_ENABLE_OBJC_ARC = YES;
				CLANG_ENABLE_OBJC_WEAK = YES;
				CLANG_WARN_BLOCK_CAPTURE_AUTORELEASING = YES;
				CLANG_WARN_BOOL_CONVERSION = YES;
				CLANG_WARN_COMMA = YES;
				CLANG_WARN_CONSTANT_CONVERSION = YES;
				CLANG_WARN_DEPRECATED_OBJC_IMPLEMENTATIONS = YES;
				CLANG_WARN_DIRECT_OBJC_ISA_USAGE = YES_ERROR;
				CLANG_WARN_DOCUMENTATION_COMMENTS = YES;
				CLANG_WARN_EMPTY_BODY = YES;
				CLANG_WARN_ENUM_CONVERSION = YES;
				CLANG_WARN_INFINITE_RECURSION = YES;
				CLANG_WARN_INT_CONVERSION = YES;
				CLANG_WARN_NON_LITERAL_NULL_CONVERSION = YES;
				CLANG_WARN_OBJC_IMPLICIT_RETAIN_SELF = YES;
				CLANG_WARN_OBJC_LITERAL_CONVERSION = YES;
				CLANG_WARN_OBJC_ROOT_CLASS = YES_ERROR;
				CLANG_WARN_RANGE_LOOP_ANALYSIS = YES;
				CLANG_WARN_STRICT_PROTOTYPES = YES;
				CLANG_WARN_SUSPICIOUS_MOVE = YES;
				CLANG_WARN_UNGUARDED_AVAILABILITY = YES_AGGRESSIVE;
				CLANG_WARN_UNREACHABLE_CODE = YES;
				CLANG_WARN__DUPLICATE_METHOD_MATCH = YES;
				COPY_PHASE_STRIP = NO;
				DEBUG_INFORMATION_FORMAT = "dwarf-with-dsym";
				ENABLE_NS_ASSERTIONS = NO;
				ENABLE_STRICT_OBJC_MSGSEND = YES;
				GCC_C_LANGUAGE_STANDARD = gnu11;
				GCC_NO_COMMON_BLOCKS = YES;
				GCC_WARN_64_TO_32_BIT_CONVERSION = YES;
				GCC_WARN_ABOUT_RETURN_TYPE = YES_ERROR;
				GCC_WARN_UNDECLARED_SELECTOR = YES;
				GCC_WARN_UNINITIALIZED_AUTOS = YES_AGGRESSIVE;
				GCC_WARN_UNUSED_FUNCTION = YES;
				GCC_WARN_UNUSED_VARIABLE = YES;
				IPHONEOS_DEPLOYMENT_TARGET = 13.2;
				MTL_ENABLE_DEBUG_INFO = NO;
				MTL_FAST_MATH = YES;
				SDKROOT = iphoneos;
				SWIFT_COMPILATION_MODE = wholemodule;
				SWIFT_OPTIMIZATION_LEVEL = "-O";
				VALIDATE_PRODUCT = YES;
			};
			name = Release;
		};
		91D641CA24631F2600B3E9AC /* Debug */ = {
			isa = XCBuildConfiguration;
			buildSettings = {
				ASSETCATALOG_COMPILER_APPICON_NAME = AppIcon;
				CODE_SIGN_STYLE = Automatic;
				DEVELOPMENT_TEAM = 9WDM8695CA;
				INFOPLIST_FILE = VirtualTourist/Info.plist;
				LD_RUNPATH_SEARCH_PATHS = (
					"$(inherited)",
					"@executable_path/Frameworks",
				);
				PRODUCT_BUNDLE_IDENTIFIER = com.tiannahenrylewis.VirtualTourist;
				PRODUCT_NAME = "$(TARGET_NAME)";
				SWIFT_VERSION = 5.0;
				TARGETED_DEVICE_FAMILY = "1,2";
			};
			name = Debug;
		};
		91D641CB24631F2600B3E9AC /* Release */ = {
			isa = XCBuildConfiguration;
			buildSettings = {
				ASSETCATALOG_COMPILER_APPICON_NAME = AppIcon;
				CODE_SIGN_STYLE = Automatic;
				DEVELOPMENT_TEAM = 9WDM8695CA;
				INFOPLIST_FILE = VirtualTourist/Info.plist;
				LD_RUNPATH_SEARCH_PATHS = (
					"$(inherited)",
					"@executable_path/Frameworks",
				);
				PRODUCT_BUNDLE_IDENTIFIER = com.tiannahenrylewis.VirtualTourist;
				PRODUCT_NAME = "$(TARGET_NAME)";
				SWIFT_VERSION = 5.0;
				TARGETED_DEVICE_FAMILY = "1,2";
			};
			name = Release;
		};
/* End XCBuildConfiguration section */

/* Begin XCConfigurationList section */
		91D641B024631F2000B3E9AC /* Build configuration list for PBXProject "VirtualTourist" */ = {
			isa = XCConfigurationList;
			buildConfigurations = (
				91D641C724631F2600B3E9AC /* Debug */,
				91D641C824631F2600B3E9AC /* Release */,
			);
			defaultConfigurationIsVisible = 0;
			defaultConfigurationName = Release;
		};
		91D641C924631F2600B3E9AC /* Build configuration list for PBXNativeTarget "VirtualTourist" */ = {
			isa = XCConfigurationList;
			buildConfigurations = (
				91D641CA24631F2600B3E9AC /* Debug */,
				91D641CB24631F2600B3E9AC /* Release */,
			);
			defaultConfigurationIsVisible = 0;
			defaultConfigurationName = Release;
		};
/* End XCConfigurationList section */

/* Begin XCVersionGroup section */
		91D64219246C534700B3E9AC /* VirtualTourist.xcdatamodeld */ = {
			isa = XCVersionGroup;
			children = (
				91D6421A246C534700B3E9AC /* VirtualTourist.xcdatamodel */,
			);
			currentVersion = 91D6421A246C534700B3E9AC /* VirtualTourist.xcdatamodel */;
			path = VirtualTourist.xcdatamodeld;
			sourceTree = "<group>";
			versionGroupType = wrapper.xcdatamodel;
		};
/* End XCVersionGroup section */
	};
	rootObject = 91D641AD24631F2000B3E9AC /* Project object */;
}
